PODS:
  - Firebase/Analytics (6.4.0):
    - Firebase/Core
  - Firebase/Core (6.4.0):
    - Firebase/CoreOnly
    - FirebaseAnalytics (= 6.0.3)
  - Firebase/CoreOnly (6.4.0):
    - FirebaseCore (= 6.0.4)
  - Firebase/Performance (6.4.0):
    - Firebase/CoreOnly
    - FirebasePerformance (~> 3.1.1)
  - FirebaseABTesting (3.0.0):
    - FirebaseCore (~> 6.0)
    - Protobuf (~> 3.5)
  - FirebaseAnalytics (6.0.3):
    - FirebaseCore (~> 6.0)
    - FirebaseInstanceID (~> 4.2)
    - GoogleAppMeasurement (= 6.0.3)
    - GoogleUtilities/AppDelegateSwizzler (~> 6.0)
    - GoogleUtilities/MethodSwizzler (~> 6.0)
    - GoogleUtilities/Network (~> 6.0)
    - "GoogleUtilities/NSData+zlib (~> 6.0)"
    - nanopb (~> 0.3)
  - FirebaseCore (6.0.4):
    - GoogleUtilities/Environment (~> 6.0)
    - GoogleUtilities/Logger (~> 6.0)
  - FirebaseInstanceID (4.2.1):
    - FirebaseCore (~> 6.0)
    - GoogleUtilities/Environment (~> 6.0)
    - GoogleUtilities/UserDefaults (~> 6.0)
  - FirebasePerformance (3.1.1):
    - FirebaseCore (~> 6.0)
    - FirebaseInstanceID (~> 4.2)
    - FirebaseRemoteConfig (~> 4.2)
    - GoogleToolboxForMac/Logger (~> 2.1)
    - "GoogleToolboxForMac/NSData+zlib (~> 2.1)"
    - GoogleUtilities/Environment (~> 6.0)
    - GoogleUtilities/ISASwizzler (~> 6.0)
    - GoogleUtilities/MethodSwizzler (~> 6.0)
    - GTMSessionFetcher/Core (~> 1.1)
    - Protobuf (~> 3.5)
  - FirebaseRemoteConfig (4.2.0):
    - FirebaseABTesting (~> 3.0)
    - FirebaseCore (~> 6.0)
    - FirebaseInstanceID (~> 4.2)
    - GoogleUtilities/Environment (~> 6.0)
    - "GoogleUtilities/NSData+zlib (~> 6.0)"
    - Protobuf (~> 3.5)
  - GoogleAppMeasurement (6.0.3):
    - GoogleUtilities/AppDelegateSwizzler (~> 6.0)
    - GoogleUtilities/MethodSwizzler (~> 6.0)
    - GoogleUtilities/Network (~> 6.0)
    - "GoogleUtilities/NSData+zlib (~> 6.0)"
    - nanopb (~> 0.3)
  - GoogleToolboxForMac/Defines (2.2.1)
  - GoogleToolboxForMac/Logger (2.2.1):
    - GoogleToolboxForMac/Defines (= 2.2.1)
  - "GoogleToolboxForMac/NSData+zlib (2.2.1)":
    - GoogleToolboxForMac/Defines (= 2.2.1)
  - GoogleUtilities/AppDelegateSwizzler (6.2.1):
    - GoogleUtilities/Environment
    - GoogleUtilities/Logger
    - GoogleUtilities/Network
  - GoogleUtilities/Environment (6.2.1)
  - GoogleUtilities/ISASwizzler (6.2.1)
  - GoogleUtilities/Logger (6.2.1):
    - GoogleUtilities/Environment
  - GoogleUtilities/MethodSwizzler (6.2.1):
    - GoogleUtilities/Logger
  - GoogleUtilities/Network (6.2.1):
    - GoogleUtilities/Logger
    - "GoogleUtilities/NSData+zlib"
    - GoogleUtilities/Reachability
  - "GoogleUtilities/NSData+zlib (6.2.1)"
  - GoogleUtilities/Reachability (6.2.1):
    - GoogleUtilities/Logger
  - GoogleUtilities/UserDefaults (6.2.1):
    - GoogleUtilities/Logger
  - GTMSessionFetcher/Core (1.2.2)
  - nanopb (0.3.901):
    - nanopb/decode (= 0.3.901)
    - nanopb/encode (= 0.3.901)
  - nanopb/decode (0.3.901)
  - nanopb/encode (0.3.901)
  - Protobuf (3.8.0)

DEPENDENCIES:
  - Firebase/Analytics
  - Firebase/Performance

SPEC REPOS:
  https://github.com/cocoapods/specs.git:
    - Firebase
    - FirebaseABTesting
    - FirebaseAnalytics
    - FirebaseCore
    - FirebaseInstanceID
    - FirebasePerformance
    - FirebaseRemoteConfig
    - GoogleAppMeasurement
    - GoogleToolboxForMac
    - GoogleUtilities
    - GTMSessionFetcher
    - nanopb
    - Protobuf

SPEC CHECKSUMS:
  Firebase: 9445469655a98e9010737f4bc4720e5bda465873
  FirebaseABTesting: a32c488eb75089a61eb3d86db061dfb909d765db
  FirebaseAnalytics: 69fe25866d2ec87c6f02d72c3c9a82bce9c065a0
  FirebaseCore: 7ea99e200f0024262650be56623fbe6a7bef1707
  FirebaseInstanceID: 9782fcfb89e4d7da76cc28eac4b8543dc7be4a4b
  FirebasePerformance: bd3666700af4d43caf2a13b93718f3b532b8a5ff
  FirebaseRemoteConfig: 7f6a0899f51953999667cb34a13b2e479c17d840
  GoogleAppMeasurement: 1e45fa601e6280c180880d57010390f6679cd971
  GoogleToolboxForMac: b3553629623a3b1bff17f555e736cd5a6d95ad55
  GoogleUtilities: c7a0b08bda3bf808be823ed151f0e28ac6866e71
  GTMSessionFetcher: 61bb0f61a4cb560030f1222021178008a5727a23
  nanopb: 2901f78ea1b7b4015c860c2fdd1ea2fee1a18d48
  Protobuf: 3f617b9a6e73605565086864c9bc26b2bf2dd5a3

PODFILE CHECKSUM: 1ffe4952221fc741d9f082f3b7e58bddeadc79e8

COCOAPODS: 1.7.4
