PODS:
  - Firebase/CoreOnly (6.5.0):
    - FirebaseCore (= 6.1.0)
  - FirebaseCore (6.1.0):
    - GoogleUtilities/Environment (~> 6.0)
    - GoogleUtilities/Logger (~> 6.0)
  - FirebaseInstallations (0.1.0):
    - FirebaseCore (~> 6.0)
    - GoogleUtilities/UserDefaults (~> 6.2)
    - PromisesObjC (~> 1.2)
  - GoogleUtilities/Environment (6.2.3)
  - GoogleUtilities/Logger (6.2.3):
    - GoogleUtilities/Environment
  - GoogleUtilities/UserDefaults (6.2.3):
    - GoogleUtilities/Logger
  - PromisesObjC (1.2.8)

DEPENDENCIES:
  - Firebase/CoreOnly
  - FirebaseInstallations (from `https://github.com/firebase/firebase-ios-sdk.git`, branch `mm/fis-master`)

SPEC REPOS:
  https://github.com/cocoapods/specs.git:
    - Firebase
    - FirebaseCore
    - GoogleUtilities
    - PromisesObjC

EXTERNAL SOURCES:
  FirebaseInstallations:
    :branch: mm/fis-master
    :git: https://github.com/firebase/firebase-ios-sdk.git

CHECKOUT OPTIONS:
  FirebaseInstallations:
    :commit: 024dc1c94344cb7d7a45daf2dfba77bda69815f0
    :git: https://github.com/firebase/firebase-ios-sdk.git

SPEC CHECKSUMS:
  Firebase: dedc9e48ea3f3649ad5f6b982f8a0c73508a14b5
  FirebaseCore: aecf02fb2274ec361b9bebeac112f5daa18273bd
  FirebaseInstallations: 52bc538e7c10d1ebf4c93beb0d3d57f013c6d3dc
  GoogleUtilities: d2b0e277a95962e09bb27f5cd42f5f0b6a506c7d
  PromisesObjC: c119f3cd559f50b7ae681fa59dc1acd19173b7e6

PODFILE CHECKSUM: 6c5683efa6d8696c0a43b45108f630f3f5c3b998

COCOAPODS: 1.6.1
