PODS:
  - FirebaseAppCheckInterop (11.14.0)
  - FirebaseAuth (11.14.0):
    - FirebaseAppCheckInterop (~> 11.0)
    - FirebaseAuthInterop (~> 11.0)
    - FirebaseCore (~> 11.14.0)
    - FirebaseCoreExtension (~> 11.14.0)
    - GoogleUtilities/AppDelegateSwizzler (~> 8.1)
    - GoogleUtilities/Environment (~> 8.1)
    - GTMSessionFetcher/Core (< 5.0, >= 3.4)
    - RecaptchaInterop (~> 101.0)
  - FirebaseAuthInterop (11.14.0)
  - FirebaseCore (11.14.0):
    - FirebaseCoreInternal (~> 11.14.0)
    - GoogleUtilities/Environment (~> 8.1)
    - GoogleUtilities/Logger (~> 8.1)
  - FirebaseCoreExtension (11.14.0):
    - FirebaseCore (~> 11.14.0)
  - FirebaseCoreInternal (11.14.0):
    - "GoogleUtilities/NSData+zlib (~> 8.1)"
  - FirebaseDynamicLinks (11.14.0):
    - FirebaseCore (~> 11.14.0)
  - GoogleUtilities/AppDelegateSwizzler (8.1.0):
    - GoogleUtilities/Environment
    - GoogleUtilities/Logger
    - GoogleUtilities/Network
    - GoogleUtilities/Privacy
  - GoogleUtilities/Environment (8.1.0):
    - GoogleUtilities/Privacy
  - GoogleUtilities/Logger (8.1.0):
    - GoogleUtilities/Environment
    - GoogleUtilities/Privacy
  - GoogleUtilities/Network (8.1.0):
    - GoogleUtilities/Logger
    - "GoogleUtilities/NSData+zlib"
    - GoogleUtilities/Privacy
    - GoogleUtilities/Reachability
  - "GoogleUtilities/NSData+zlib (8.1.0)":
    - GoogleUtilities/Privacy
  - GoogleUtilities/Privacy (8.1.0)
  - GoogleUtilities/Reachability (8.1.0):
    - GoogleUtilities/Logger
    - GoogleUtilities/Privacy
  - GTMSessionFetcher/Core (4.5.0)
  - RecaptchaInterop (101.0.0)

DEPENDENCIES:
  - FirebaseAuth
  - FirebaseDynamicLinks

SPEC REPOS:
  trunk:
    - FirebaseAppCheckInterop
    - FirebaseAuth
    - FirebaseAuthInterop
    - FirebaseCore
    - FirebaseCoreExtension
    - FirebaseCoreInternal
    - FirebaseDynamicLinks
    - GoogleUtilities
    - GTMSessionFetcher
    - RecaptchaInterop

SPEC CHECKSUMS:
  FirebaseAppCheckInterop: a92ba81d0ee3c4cddb1a2e52c668ea51dc63c3ae
  FirebaseAuth: 657b7e792d60e9fdb87408ae5ed15f4438442c1d
  FirebaseAuthInterop: e25b58ecb90f3285085fa2118861a3c9dfdc62ad
  FirebaseCore: 8fb12caed934c900218ce66a419107db74214ade
  FirebaseCoreExtension: 6af88594f639c1abb127bc096da32cf2c0dd69ff
  FirebaseCoreInternal: 6a3b668197644aa858fc4127578637c6767ba123
  FirebaseDynamicLinks: 7cfc05eb8368c1d74fed039a08ffe6212b27296f
  GoogleUtilities: 00c88b9a86066ef77f0da2fab05f65d7768ed8e1
  GTMSessionFetcher: fc75fc972958dceedee61cb662ae1da7a83a91cf
  RecaptchaInterop: 11e0b637842dfb48308d242afc3f448062325aba

PODFILE CHECKSUM: c3fb5088cd06974567cf888f5d63bb24bc6a5ef7

COCOAPODS: 1.16.2
