PODS:
  - Firebase/Auth (5.18.0):
    - Firebase/CoreOnly
    - FirebaseAuth (= 5.4.0)
  - Firebase/Core (5.18.0):
    - Firebase/CoreOnly
    - FirebaseAnalytics (= 5.7.0)
  - Firebase/CoreOnly (5.18.0):
    - FirebaseCore (= 5.3.1)
  - Firebase/Database (5.18.0):
    - Firebase/CoreOnly
    - FirebaseDatabase (= 5.1.0)
  - FirebaseAnalytics (5.7.0):
    - FirebaseCore (~> 5.3)
    - FirebaseInstanceID (~> 3.6)
    - GoogleAppMeasurement (= 5.7.0)
    - GoogleUtilities/AppDelegateSwizzler (~> 5.2)
    - GoogleUtilities/MethodSwizzler (~> 5.2)
    - GoogleUtilities/Network (~> 5.2)
    - "GoogleUtilities/NSData+zlib (~> 5.2)"
    - nanopb (~> 0.3)
  - FirebaseAuth (5.4.0):
    - FirebaseAuthInterop (~> 1.0)
    - FirebaseCore (~> 5.2)
    - GoogleUtilities/Environment (~> 5.2)
    - GTMSessionFetcher/Core (~> 1.1)
  - FirebaseAuthInterop (1.0.0)
  - FirebaseCore (5.3.1):
    - GoogleUtilities/Logger (~> 5.2)
  - FirebaseDatabase (5.1.0):
    - FirebaseAuthInterop (~> 1.0)
    - FirebaseCore (~> 5.2)
    - leveldb-library (~> 1.18)
  - FirebaseInstanceID (3.7.0):
    - FirebaseCore (~> 5.2)
    - GoogleUtilities/Environment (~> 5.2)
    - GoogleUtilities/UserDefaults (~> 5.2)
  - FirebaseUI/Database (6.1.1):
    - Firebase/Database (~> 5.0)
  - GoogleAppMeasurement (5.7.0):
    - GoogleUtilities/AppDelegateSwizzler (~> 5.2)
    - GoogleUtilities/MethodSwizzler (~> 5.2)
    - GoogleUtilities/Network (~> 5.2)
    - "GoogleUtilities/NSData+zlib (~> 5.2)"
    - nanopb (~> 0.3)
  - GoogleUtilities/AppDelegateSwizzler (5.5.0):
    - GoogleUtilities/Environment
    - GoogleUtilities/Logger
    - GoogleUtilities/Network
  - GoogleUtilities/Environment (5.5.0)
  - GoogleUtilities/Logger (5.5.0):
    - GoogleUtilities/Environment
  - GoogleUtilities/MethodSwizzler (5.5.0):
    - GoogleUtilities/Logger
  - GoogleUtilities/Network (5.5.0):
    - GoogleUtilities/Logger
    - "GoogleUtilities/NSData+zlib"
    - GoogleUtilities/Reachability
  - "GoogleUtilities/NSData+zlib (5.5.0)"
  - GoogleUtilities/Reachability (5.5.0):
    - GoogleUtilities/Logger
  - GoogleUtilities/UserDefaults (5.5.0):
    - GoogleUtilities/Logger
  - GTMSessionFetcher/Core (1.2.1)
  - leveldb-library (1.20)
  - nanopb (0.3.901):
    - nanopb/decode (= 0.3.901)
    - nanopb/encode (= 0.3.901)
  - nanopb/decode (0.3.901)
  - nanopb/encode (0.3.901)

DEPENDENCIES:
  - Firebase/Auth
  - Firebase/Core
  - Firebase/Database
  - FirebaseUI/Database

SPEC REPOS:
  https://github.com/cocoapods/specs.git:
    - Firebase
    - FirebaseAnalytics
    - FirebaseAuth
    - FirebaseAuthInterop
    - FirebaseCore
    - FirebaseDatabase
    - FirebaseInstanceID
    - FirebaseUI
    - GoogleAppMeasurement
    - GoogleUtilities
    - GTMSessionFetcher
    - leveldb-library
    - nanopb

SPEC CHECKSUMS:
  Firebase: 02f3281965c075426141a0ce1277e9de6649cab9
  FirebaseAnalytics: 23851fe602c872130a2c5c55040b302120346cc2
  FirebaseAuth: d85d052354447f30b4b2a805ab91b511458b56a6
  FirebaseAuthInterop: 0ffa57668be100582bb7643d4fcb7615496c41fc
  FirebaseCore: 52f851b30e11360f1e67cf04b1edfebf0a47a2d3
  FirebaseDatabase: 23acb0c53cd4d4070a427b60100b2e4aaa97c45d
  FirebaseInstanceID: bd6fc5a258884e206fd5c474ebe4f5b00e21770e
  FirebaseUI: 1345f778d53f9484f21474c7b10bba313b28a76b
  GoogleAppMeasurement: 6cf307834da065863f9faf4c0de0a936d81dd832
  GoogleUtilities: 6481e6318c5fcabaaa8513ef8120f329055d7c10
  GTMSessionFetcher: 32aeca0aa144acea523e1c8e053089dec2cb98ca
  leveldb-library: 08cba283675b7ed2d99629a4bc5fd052cd2bb6a5
  nanopb: 2901f78ea1b7b4015c860c2fdd1ea2fee1a18d48

PODFILE CHECKSUM: a27432a70600fa457da88e6f896edfeefa8df271

COCOAPODS: 1.6.1
