PODS:
  - Firebase/CoreOnly (7.4.0):
    - FirebaseCore (= 7.4.0)
  - Firebase/RemoteConfig (7.4.0):
    - Firebase/CoreOnly
    - FirebaseRemoteConfig (~> 7.4.0)
  - FirebaseABTesting (7.4.0):
    - FirebaseCore (~> 7.0)
  - FirebaseCore (7.4.0):
    - FirebaseCoreDiagnostics (~> 7.4)
    - GoogleUtilities/Environment (~> 7.0)
    - GoogleUtilities/Logger (~> 7.0)
  - FirebaseCoreDiagnostics (7.4.0):
    - GoogleDataTransport (~> 8.0)
    - GoogleUtilities/Environment (~> 7.0)
    - GoogleUtilities/Logger (~> 7.0)
    - nanopb (~> 2.30907.0)
  - FirebaseInstallations (7.4.0):
    - FirebaseCore (~> 7.0)
    - GoogleUtilities/Environment (~> 7.0)
    - GoogleUtilities/UserDefaults (~> 7.0)
    - PromisesObjC (~> 1.2)
  - FirebaseRemoteConfig (7.4.0):
    - FirebaseABTesting (~> 7.0)
    - FirebaseCore (~> 7.0)
    - FirebaseInstallations (~> 7.0)
    - GoogleUtilities/Environment (~> 7.0)
    - "GoogleUtilities/NSData+zlib (~> 7.0)"
  - GoogleDataTransport (8.2.0):
    - nanopb (~> 2.30907.0)
  - GoogleUtilities/Environment (7.2.0):
    - PromisesObjC (~> 1.2)
  - GoogleUtilities/Logger (7.2.0):
    - GoogleUtilities/Environment
  - "GoogleUtilities/NSData+zlib (7.2.0)"
  - GoogleUtilities/UserDefaults (7.2.0):
    - GoogleUtilities/Logger
  - nanopb (2.30907.0):
    - nanopb/decode (= 2.30907.0)
    - nanopb/encode (= 2.30907.0)
  - nanopb/decode (2.30907.0)
  - nanopb/encode (2.30907.0)
  - PromisesObjC (1.2.12)

DEPENDENCIES:
  - Firebase/RemoteConfig

SPEC REPOS:
  trunk:
    - Firebase
    - FirebaseABTesting
    - FirebaseCore
    - FirebaseCoreDiagnostics
    - FirebaseInstallations
    - FirebaseRemoteConfig
    - GoogleDataTransport
    - GoogleUtilities
    - nanopb
    - PromisesObjC

SPEC CHECKSUMS:
  Firebase: 09fb40287b6dfc8ee65f726fa0b788719d3f2a07
  FirebaseABTesting: 9d9c21ed27a1ac7213fe377cde655434da9c16d2
  FirebaseCore: 99c06e5a1e8d6952e75cb1f0a6d0b23c0f5ccdcf
  FirebaseCoreDiagnostics: 3770093ac4f2be4590fa03cfa1d3a6e5602d4557
  FirebaseInstallations: 30646fc9a61c6f4ee3cd7a8b7231721842b40c95
  FirebaseRemoteConfig: 2d1a382977f6f44ed306266dc372cd7e1fee153b
  GoogleDataTransport: 1024b1a4dfbd7a0e92cb20d7e0a6f1fb66b449a4
  GoogleUtilities: d866834472f1324d080496bc67ab3ce5d0d46027
  nanopb: 59221d7f958fb711001e6a449489542d92ae113e
  PromisesObjC: 3113f7f76903778cf4a0586bd1ab89329a0b7b97

PODFILE CHECKSUM: 263240221a33adc4c7fec3e3f39fc153bc622ba1

COCOAPODS: 1.10.1
