PODS:
  - FirebaseABTesting (11.9.0):
    - FirebaseCore (~> 11.9.0)
  - FirebaseCore (11.9.0):
    - FirebaseCoreInternal (~> 11.9.0)
    - GoogleUtilities/Environment (~> 8.0)
    - GoogleUtilities/Logger (~> 8.0)
  - FirebaseCoreInternal (11.9.0):
    - "GoogleUtilities/NSData+zlib (~> 8.0)"
  - FirebaseInstallations (11.9.0):
    - FirebaseCore (~> 11.9.0)
    - GoogleUtilities/Environment (~> 8.0)
    - GoogleUtilities/UserDefaults (~> 8.0)
    - PromisesObjC (~> 2.4)
  - FirebaseRemoteConfig (11.9.0):
    - FirebaseABTesting (~> 11.0)
    - FirebaseCore (~> 11.9.0)
    - FirebaseInstallations (~> 11.0)
    - FirebaseRemoteConfigInterop (~> 11.0)
    - FirebaseSharedSwift (~> 11.0)
    - GoogleUtilities/Environment (~> 8.0)
    - "GoogleUtilities/NSData+zlib (~> 8.0)"
  - FirebaseRemoteConfigInterop (11.9.0)
  - FirebaseSharedSwift (11.9.0)
  - GoogleUtilities/Environment (8.0.2):
    - GoogleUtilities/Privacy
  - GoogleUtilities/Logger (8.0.2):
    - GoogleUtilities/Environment
    - GoogleUtilities/Privacy
  - "GoogleUtilities/NSData+zlib (8.0.2)":
    - GoogleUtilities/Privacy
  - GoogleUtilities/Privacy (8.0.2)
  - GoogleUtilities/UserDefaults (8.0.2):
    - GoogleUtilities/Logger
    - GoogleUtilities/Privacy
  - PromisesObjC (2.4.0)

DEPENDENCIES:
  - FirebaseRemoteConfig

SPEC REPOS:
  trunk:
    - FirebaseABTesting
    - FirebaseCore
    - FirebaseCoreInternal
    - FirebaseInstallations
    - FirebaseRemoteConfig
    - FirebaseRemoteConfigInterop
    - FirebaseSharedSwift
    - GoogleUtilities
    - PromisesObjC

SPEC CHECKSUMS:
  FirebaseABTesting: 7edd6acbd2b75ed72bd7c4d4957ee57914eafc9b
  FirebaseCore: 7cfcf7e8b33985c06478fd2b96e2f7101eb61a1c
  FirebaseCoreInternal: 154779013b85b4b290fdba38414df475f42e3096
  FirebaseInstallations: c76d4931a485fc0cc2dc1d62d3ed0369846ea4b8
  FirebaseRemoteConfig: 69a9fa23e134776ec99b2bef3ce7804aab7956ea
  FirebaseRemoteConfigInterop: 710954a00e956c5fe5144a8e46164f0361389203
  FirebaseSharedSwift: 574e6a5602afe4397a55c8d4f767382d620285de
  GoogleUtilities: 26a3abef001b6533cf678d3eb38fd3f614b7872d
  PromisesObjC: f5707f49cb48b9636751c5b2e7d227e43fba9f47

PODFILE CHECKSUM: 016d7b4f0110bb186fd0277b0032abb8212343df

COCOAPODS: 1.16.2
